
Microsoft Visual Studio Solution File, Format Version 12.00
# Visual Studio Version 17
VisualStudioVersion = 17.14.36811.4 d17.14
MinimumVisualStudioVersion = 10.0.40219.1
Project("{FAE04EC0-301F-11D3-BF4B-00C04F79EFBC}") = "ClusterMatrix", "ClusterMatrix.csproj", "{0ECFDD00-EF50-4B96-8AF3-BAC198A84EF8}"
EndProject
Global
	GlobalSection(SolutionConfigurationPlatforms) = preSolution
		Debug|Any CPU = Debug|Any CPU
		Release|Any CPU = Release|Any CPU
	EndGlobalSection
	GlobalSection(ProjectConfigurationPlatforms) = postSolution
		{0ECFDD00-EF50-4B96-8AF3-BAC198A84EF8}.Debug|Any CPU.ActiveCfg = Debug|Any CPU
		{0ECFDD00-EF50-4B96-8AF3-BAC198A84EF8}.Debug|Any CPU.Build.0 = Debug|Any CPU
		{0ECFDD00-EF50-4B96-8AF3-BAC198A84EF8}.Release|Any CPU.ActiveCfg = Release|Any CPU
		{0ECFDD00-EF50-4B96-8AF3-BAC198A84EF8}.Release|Any CPU.Build.0 = Release|Any CPU
	EndGlobalSection
	GlobalSection(SolutionProperties) = preSolution
		HideSolutionNode = FALSE
	EndGlobalSection
	GlobalSection(ExtensibilityGlobals) = postSolution
		SolutionGuid = {E4540043-CF79-4633-AEF7-7851C3CF2762}
	EndGlobalSection
EndGlobal
